
Microsoft Visual Studio Solution File, Format Version 12.00
# Visual Studio Version 17
VisualStudioVersion = 17.6.33815.320
MinimumVisualStudioVersion = 10.0.40219.1
Project("{FAE04EC0-301F-11D3-BF4B-00C04F79EFBC}") = "De01", "De01\De01.csproj", "{22CFF1C1-1E08-4E92-BB7F-30CDD6B597E9}"
EndProject
Global
	GlobalSection(SolutionConfigurationPlatforms) = preSolution
		Debug|Any CPU = Debug|Any CPU
		Release|Any CPU = Release|Any CPU
	EndGlobalSection
	GlobalSection(ProjectConfigurationPlatforms) = postSolution
		{22CFF1C1-1E08-4E92-BB7F-30CDD6B597E9}.Debug|Any CPU.ActiveCfg = Debug|Any CPU
		{22CFF1C1-1E08-4E92-BB7F-30CDD6B597E9}.Debug|Any CPU.Build.0 = Debug|Any CPU
		{22CFF1C1-1E08-4E92-BB7F-30CDD6B597E9}.Release|Any CPU.ActiveCfg = Release|Any CPU
		{22CFF1C1-1E08-4E92-BB7F-30CDD6B597E9}.Release|Any CPU.Build.0 = Release|Any CPU
	EndGlobalSection
	GlobalSection(SolutionProperties) = preSolution
		HideSolutionNode = FALSE
	EndGlobalSection
	GlobalSection(ExtensibilityGlobals) = postSolution
		SolutionGuid = {F515ED56-B529-424D-8B86-766FB5824BE9}
	EndGlobalSection
EndGlobal
